
Microsoft Visual Studio Solution File, Format Version 12.00
# Visual Studio Version 17
VisualStudioVersion = 17.10.35027.167
MinimumVisualStudioVersion = 10.0.40219.1
Project("{9A19103F-16F7-4668-BE54-9A1E7A4F7556}") = "Reservoom", "Reservoom\Reservoom.csproj", "{6EA9BCBC-5103-44B1-BAAA-E61F595B39DA}"
EndProject
Project("{9A19103F-16F7-4668-BE54-9A1E7A4F7556}") = "PlayGround", "PlayGround\PlayGround.csproj", "{AFB33D22-8963-46E4-853E-F20A700A3A2E}"
EndProject
Project("{9A19103F-16F7-4668-BE54-9A1E7A4F7556}") = "WHPG", "WHPG\WHPG.csproj", "{11716651-D51E-4996-9926-C7C805C2BDDA}"
EndProject
Project("{9A19103F-16F7-4668-BE54-9A1E7A4F7556}") = "WHPG2", "WpfApp1\WHPG2.csproj", "{C1116B9B-53BF-4671-BCA0-1395A9C4F259}"
EndProject
Project("{9A19103F-16F7-4668-BE54-9A1E7A4F7556}") = "WPFRobot", "WPFRobot\WPFRobot.csproj", "{7A02B32F-7CAC-4BE7-AD40-1C097CFF8834}"
EndProject
Project("{FAE04EC0-301F-11D3-BF4B-00C04F79EFBC}") = "CSMQTT", "CSMQTT\CSMQTT.csproj", "{EAAB25B9-6D84-4DBD-AE9F-5606C3D6A23D}"
EndProject
Global
	GlobalSection(SolutionConfigurationPlatforms) = preSolution
		Debug|Any CPU = Debug|Any CPU
		Release|Any CPU = Release|Any CPU
	EndGlobalSection
	GlobalSection(ProjectConfigurationPlatforms) = postSolution
		{6EA9BCBC-5103-44B1-BAAA-E61F595B39DA}.Debug|Any CPU.ActiveCfg = Debug|Any CPU
		{6EA9BCBC-5103-44B1-BAAA-E61F595B39DA}.Debug|Any CPU.Build.0 = Debug|Any CPU
		{6EA9BCBC-5103-44B1-BAAA-E61F595B39DA}.Release|Any CPU.ActiveCfg = Release|Any CPU
		{6EA9BCBC-5103-44B1-BAAA-E61F595B39DA}.Release|Any CPU.Build.0 = Release|Any CPU
		{AFB33D22-8963-46E4-853E-F20A700A3A2E}.Debug|Any CPU.ActiveCfg = Debug|Any CPU
		{AFB33D22-8963-46E4-853E-F20A700A3A2E}.Debug|Any CPU.Build.0 = Debug|Any CPU
		{AFB33D22-8963-46E4-853E-F20A700A3A2E}.Release|Any CPU.ActiveCfg = Release|Any CPU
		{AFB33D22-8963-46E4-853E-F20A700A3A2E}.Release|Any CPU.Build.0 = Release|Any CPU
		{11716651-D51E-4996-9926-C7C805C2BDDA}.Debug|Any CPU.ActiveCfg = Debug|Any CPU
		{11716651-D51E-4996-9926-C7C805C2BDDA}.Debug|Any CPU.Build.0 = Debug|Any CPU
		{11716651-D51E-4996-9926-C7C805C2BDDA}.Release|Any CPU.ActiveCfg = Release|Any CPU
		{11716651-D51E-4996-9926-C7C805C2BDDA}.Release|Any CPU.Build.0 = Release|Any CPU
		{C1116B9B-53BF-4671-BCA0-1395A9C4F259}.Debug|Any CPU.ActiveCfg = Debug|Any CPU
		{C1116B9B-53BF-4671-BCA0-1395A9C4F259}.Debug|Any CPU.Build.0 = Debug|Any CPU
		{C1116B9B-53BF-4671-BCA0-1395A9C4F259}.Release|Any CPU.ActiveCfg = Release|Any CPU
		{C1116B9B-53BF-4671-BCA0-1395A9C4F259}.Release|Any CPU.Build.0 = Release|Any CPU
		{7A02B32F-7CAC-4BE7-AD40-1C097CFF8834}.Debug|Any CPU.ActiveCfg = Debug|Any CPU
		{7A02B32F-7CAC-4BE7-AD40-1C097CFF8834}.Debug|Any CPU.Build.0 = Debug|Any CPU
		{7A02B32F-7CAC-4BE7-AD40-1C097CFF8834}.Release|Any CPU.ActiveCfg = Release|Any CPU
		{7A02B32F-7CAC-4BE7-AD40-1C097CFF8834}.Release|Any CPU.Build.0 = Release|Any CPU
		{EAAB25B9-6D84-4DBD-AE9F-5606C3D6A23D}.Debug|Any CPU.ActiveCfg = Debug|Any CPU
		{EAAB25B9-6D84-4DBD-AE9F-5606C3D6A23D}.Debug|Any CPU.Build.0 = Debug|Any CPU
		{EAAB25B9-6D84-4DBD-AE9F-5606C3D6A23D}.Release|Any CPU.ActiveCfg = Release|Any CPU
		{EAAB25B9-6D84-4DBD-AE9F-5606C3D6A23D}.Release|Any CPU.Build.0 = Release|Any CPU
	EndGlobalSection
	GlobalSection(SolutionProperties) = preSolution
		HideSolutionNode = FALSE
	EndGlobalSection
	GlobalSection(ExtensibilityGlobals) = postSolution
		SolutionGuid = {23CEC8C0-C6A7-4A7F-A17E-4F51F693C0BE}
	EndGlobalSection
EndGlobal
